github.com/CloudReady-club/repo_b v0.0.0-20241203001733-32c069aea32a h1:qg1H3Bb1AbERaLAFmQ4KBsVueeQx96tKQ/cvegaYOFw=
github.com/CloudReady-club/repo_b v0.0.0-20241203001733-32c069aea32a/go.mod h1:48aXJ4qvU8aw1XfW7LJASw+xmGXQysLnCtzLZOkaE7A=
github.com/CloudReady-club/repo_c v0.0.0-20241203001758-5497e41aeea2 h1:WBW2M26Gd+O3S+ccEHHnHl/w9plHM5Td2TdzPwWawDQ=
github.com/CloudReady-club/repo_c v0.0.0-20241203001758-5497e41aeea2/go.mod h1:EsbDEgwR207fgIxThqRTrD7buM+ESb6tqsJdsJ6Nw7U=
